
Microsoft Visual Studio Solution File, Format Version 12.00
# Visual Studio 14
VisualStudioVersion = 14.0.25420.1
MinimumVisualStudioVersion = 10.0.40219.1
Project("{2150E333-8FDC-42A3-9474-1A3956D46DE8}") = "src", "src", "{0FD13446-F85E-47FA-AE23-DBCB9F4099CE}"
EndProject
Project("{2150E333-8FDC-42A3-9474-1A3956D46DE8}") = "Solution Items", "Solution Items", "{6B4D1226-3D0A-4A82-B3B2-BC3FA55D5762}"
	ProjectSection(SolutionItems) = preProject
		global.json = global.json
	EndProjectSection
EndProject
Project("{FAE04EC0-301F-11D3-BF4B-00C04F79EFBC}") = "PlacesApi", "PlacesApi\PlacesApi.csproj", "{95768322-80B8-435A-AEA9-4F446A48FE04}"
EndProject
Project("{FAE04EC0-301F-11D3-BF4B-00C04F79EFBC}") = "GooglePlacesCLI", "GooglePlacesCLI\GooglePlacesCLI.csproj", "{0DD0078F-FE1A-457C-84B4-24166575F334}"
EndProject
Project("{FAE04EC0-301F-11D3-BF4B-00C04F79EFBC}") = "WebSite", "WebSite\WebSite.csproj", "{7EF5EA37-BA65-4D04-A0E6-A604EE115E66}"
EndProject
Project("{FAE04EC0-301F-11D3-BF4B-00C04F79EFBC}") = "DataAccessLayer", "DataAccessLayer\DataAccessLayer.csproj", "{8A5D7224-4E44-40F5-9DC8-E7A116DCA9FD}"
EndProject
Project("{FAE04EC0-301F-11D3-BF4B-00C04F79EFBC}") = "Models", "Models\Models.csproj", "{8CEA519F-B46A-4709-9A5A-19FFF6761A6C}"
EndProject
Global
	GlobalSection(SolutionConfigurationPlatforms) = preSolution
		Debug|Any CPU = Debug|Any CPU
		Release|Any CPU = Release|Any CPU
	EndGlobalSection
	GlobalSection(ProjectConfigurationPlatforms) = postSolution
		{95768322-80B8-435A-AEA9-4F446A48FE04}.Debug|Any CPU.ActiveCfg = Debug|Any CPU
		{95768322-80B8-435A-AEA9-4F446A48FE04}.Debug|Any CPU.Build.0 = Debug|Any CPU
		{95768322-80B8-435A-AEA9-4F446A48FE04}.Release|Any CPU.ActiveCfg = Release|Any CPU
		{95768322-80B8-435A-AEA9-4F446A48FE04}.Release|Any CPU.Build.0 = Release|Any CPU
		{0DD0078F-FE1A-457C-84B4-24166575F334}.Debug|Any CPU.ActiveCfg = Debug|Any CPU
		{0DD0078F-FE1A-457C-84B4-24166575F334}.Debug|Any CPU.Build.0 = Debug|Any CPU
		{0DD0078F-FE1A-457C-84B4-24166575F334}.Release|Any CPU.ActiveCfg = Release|Any CPU
		{0DD0078F-FE1A-457C-84B4-24166575F334}.Release|Any CPU.Build.0 = Release|Any CPU
		{7EF5EA37-BA65-4D04-A0E6-A604EE115E66}.Debug|Any CPU.ActiveCfg = Debug|Any CPU
		{7EF5EA37-BA65-4D04-A0E6-A604EE115E66}.Debug|Any CPU.Build.0 = Debug|Any CPU
		{7EF5EA37-BA65-4D04-A0E6-A604EE115E66}.Release|Any CPU.ActiveCfg = Release|Any CPU
		{7EF5EA37-BA65-4D04-A0E6-A604EE115E66}.Release|Any CPU.Build.0 = Release|Any CPU
		{8A5D7224-4E44-40F5-9DC8-E7A116DCA9FD}.Debug|Any CPU.ActiveCfg = Debug|Any CPU
		{8A5D7224-4E44-40F5-9DC8-E7A116DCA9FD}.Debug|Any CPU.Build.0 = Debug|Any CPU
		{8A5D7224-4E44-40F5-9DC8-E7A116DCA9FD}.Release|Any CPU.ActiveCfg = Release|Any CPU
		{8A5D7224-4E44-40F5-9DC8-E7A116DCA9FD}.Release|Any CPU.Build.0 = Release|Any CPU
		{8CEA519F-B46A-4709-9A5A-19FFF6761A6C}.Debug|Any CPU.ActiveCfg = Debug|Any CPU
		{8CEA519F-B46A-4709-9A5A-19FFF6761A6C}.Debug|Any CPU.Build.0 = Debug|Any CPU
		{8CEA519F-B46A-4709-9A5A-19FFF6761A6C}.Release|Any CPU.ActiveCfg = Release|Any CPU
		{8CEA519F-B46A-4709-9A5A-19FFF6761A6C}.Release|Any CPU.Build.0 = Release|Any CPU
	EndGlobalSection
	GlobalSection(SolutionProperties) = preSolution
		HideSolutionNode = FALSE
	EndGlobalSection
	GlobalSection(NestedProjects) = preSolution
		{7EF5EA37-BA65-4D04-A0E6-A604EE115E66} = {0FD13446-F85E-47FA-AE23-DBCB9F4099CE}
	EndGlobalSection
EndGlobal
