
Microsoft Visual Studio Solution File, Format Version 12.00
# Visual Studio 14
VisualStudioVersion = 14.0.25420.1
MinimumVisualStudioVersion = 10.0.40219.1
Project("{2150E333-8FDC-42A3-9474-1A3956D46DE8}") = "src", "src", "{0FD13446-F85E-47FA-AE23-DBCB9F4099CE}"
EndProject
Project("{2150E333-8FDC-42A3-9474-1A3956D46DE8}") = "Solution Items", "Solution Items", "{6B4D1226-3D0A-4A82-B3B2-BC3FA55D5762}"
	ProjectSection(SolutionItems) = preProject
		global.json = global.json
	EndProjectSection
EndProject
Project("{8BB2217D-0F2D-49D1-97BC-3654ED321F3B}") = "Kimanju", "src\Kimanju\Kimanju.xproj", "{87E4C6E3-4273-4257-9A6E-90F5F8009364}"
EndProject
Project("{8BB2217D-0F2D-49D1-97BC-3654ED321F3B}") = "PlacesApi", "src\PlacesApi\PlacesApi.xproj", "{841647FA-B494-44C2-BA70-7DC12A3A9270}"
EndProject
Project("{FAE04EC0-301F-11D3-BF4B-00C04F79EFBC}") = "documentdbTest", "documentdbTest\documentdbTest.csproj", "{CECBE2FC-17FE-4C95-82F1-3A586188D452}"
EndProject
Project("{FAE04EC0-301F-11D3-BF4B-00C04F79EFBC}") = "DataAccessLayer", "DataAccessLayer\DataAccessLayer.csproj", "{8A5D7224-4E44-40F5-9DC8-E7A116DCA9FD}"
EndProject
Global
	GlobalSection(SolutionConfigurationPlatforms) = preSolution
		Debug|Any CPU = Debug|Any CPU
		Release|Any CPU = Release|Any CPU
	EndGlobalSection
	GlobalSection(ProjectConfigurationPlatforms) = postSolution
		{87E4C6E3-4273-4257-9A6E-90F5F8009364}.Debug|Any CPU.ActiveCfg = Debug|Any CPU
		{87E4C6E3-4273-4257-9A6E-90F5F8009364}.Debug|Any CPU.Build.0 = Debug|Any CPU
		{87E4C6E3-4273-4257-9A6E-90F5F8009364}.Release|Any CPU.ActiveCfg = Release|Any CPU
		{87E4C6E3-4273-4257-9A6E-90F5F8009364}.Release|Any CPU.Build.0 = Release|Any CPU
		{841647FA-B494-44C2-BA70-7DC12A3A9270}.Debug|Any CPU.ActiveCfg = Debug|Any CPU
		{841647FA-B494-44C2-BA70-7DC12A3A9270}.Debug|Any CPU.Build.0 = Debug|Any CPU
		{841647FA-B494-44C2-BA70-7DC12A3A9270}.Release|Any CPU.ActiveCfg = Release|Any CPU
		{841647FA-B494-44C2-BA70-7DC12A3A9270}.Release|Any CPU.Build.0 = Release|Any CPU
		{CECBE2FC-17FE-4C95-82F1-3A586188D452}.Debug|Any CPU.ActiveCfg = Debug|Any CPU
		{CECBE2FC-17FE-4C95-82F1-3A586188D452}.Debug|Any CPU.Build.0 = Debug|Any CPU
		{CECBE2FC-17FE-4C95-82F1-3A586188D452}.Release|Any CPU.ActiveCfg = Release|Any CPU
		{CECBE2FC-17FE-4C95-82F1-3A586188D452}.Release|Any CPU.Build.0 = Release|Any CPU
		{8A5D7224-4E44-40F5-9DC8-E7A116DCA9FD}.Debug|Any CPU.ActiveCfg = Debug|Any CPU
		{8A5D7224-4E44-40F5-9DC8-E7A116DCA9FD}.Debug|Any CPU.Build.0 = Debug|Any CPU
		{8A5D7224-4E44-40F5-9DC8-E7A116DCA9FD}.Release|Any CPU.ActiveCfg = Release|Any CPU
		{8A5D7224-4E44-40F5-9DC8-E7A116DCA9FD}.Release|Any CPU.Build.0 = Release|Any CPU
	EndGlobalSection
	GlobalSection(SolutionProperties) = preSolution
		HideSolutionNode = FALSE
	EndGlobalSection
	GlobalSection(NestedProjects) = preSolution
		{87E4C6E3-4273-4257-9A6E-90F5F8009364} = {0FD13446-F85E-47FA-AE23-DBCB9F4099CE}
		{841647FA-B494-44C2-BA70-7DC12A3A9270} = {0FD13446-F85E-47FA-AE23-DBCB9F4099CE}
		{CECBE2FC-17FE-4C95-82F1-3A586188D452} = {0FD13446-F85E-47FA-AE23-DBCB9F4099CE}
	EndGlobalSection
EndGlobal
